
Microsoft Visual Studio Solution File, Format Version 12.00
# Visual Studio 15
VisualStudioVersion = 15.0.27703.2042
MinimumVisualStudioVersion = 10.0.40219.1
Project("{FAE04EC0-301F-11D3-BF4B-00C04F79EFBC}") = "CampusPulse.NugetService", "CampusPulse.NugetService\CampusPulse.NugetService.csproj", "{EA02E7F8-2A3D-43CE-8FDC-0DAF170FFCD2}"
EndProject
Global
	GlobalSection(SolutionConfigurationPlatforms) = preSolution
		Debug|Any CPU = Debug|Any CPU
		Release|Any CPU = Release|Any CPU
	EndGlobalSection
	GlobalSection(ProjectConfigurationPlatforms) = postSolution
		{EA02E7F8-2A3D-43CE-8FDC-0DAF170FFCD2}.Debug|Any CPU.ActiveCfg = Debug|Any CPU
		{EA02E7F8-2A3D-43CE-8FDC-0DAF170FFCD2}.Debug|Any CPU.Build.0 = Debug|Any CPU
		{EA02E7F8-2A3D-43CE-8FDC-0DAF170FFCD2}.Release|Any CPU.ActiveCfg = Release|Any CPU
		{EA02E7F8-2A3D-43CE-8FDC-0DAF170FFCD2}.Release|Any CPU.Build.0 = Release|Any CPU
	EndGlobalSection
	GlobalSection(SolutionProperties) = preSolution
		HideSolutionNode = FALSE
	EndGlobalSection
	GlobalSection(ExtensibilityGlobals) = postSolution
		SolutionGuid = {572F53CD-56C3-49B1-9A6A-14762D93087A}
	EndGlobalSection
EndGlobal
